// !$*UTF8*$!
{
	archiveVersion = 1;
	classes = {
	};
	objectVersion = 51;
	objects = {

/* Begin PBXBuildFile section */
		81003CEB24168EDB00B5DE33 /* AppUser.swift in Sources */ = {isa = PBXBuildFile; fileRef = 81003CEA24168EDB00B5DE33 /* AppUser.swift */; };
		81003CED24169B6500B5DE33 /* DatabaseRefs.swift in Sources */ = {isa = PBXBuildFile; fileRef = 81003CEC24169B6500B5DE33 /* DatabaseRefs.swift */; };
		81003CF02416A11B00B5DE33 /* FirebaseAuthService.swift in Sources */ = {isa = PBXBuildFile; fileRef = 81003CEF2416A11B00B5DE33 /* FirebaseAuthService.swift */; };
		810BEDFE24968751005D2270 /* MessageInputTextView.swift in Sources */ = {isa = PBXBuildFile; fileRef = 810BEDFD24968751005D2270 /* MessageInputTextView.swift */; };
		810F583A248FEF35002723A9 /* Message.swift in Sources */ = {isa = PBXBuildFile; fileRef = 810F5839248FEF35002723A9 /* Message.swift */; };
		810F6BDD24CF57EE002B55B1 /* NewMessageController.swift in Sources */ = {isa = PBXBuildFile; fileRef = 810F6BDC24CF57EE002B55B1 /* NewMessageController.swift */; };
		811298AA241298A600B3BCC1 /* SignUpVC.swift in Sources */ = {isa = PBXBuildFile; fileRef = 811298A9241298A600B3BCC1 /* SignUpVC.swift */; };
		8112D29124929D0800A8D900 /* ChatController.swift in Sources */ = {isa = PBXBuildFile; fileRef = 8112D29024929D0800A8D900 /* ChatController.swift */; };
		811342C624114B2F005F6DC8 /* AuthButton.swift in Sources */ = {isa = PBXBuildFile; fileRef = 811342C524114B2F005F6DC8 /* AuthButton.swift */; };
		81155C7F247C3F5800FCA768 /* EditProfileViewController.swift in Sources */ = {isa = PBXBuildFile; fileRef = 81155C7E247C3F5800FCA768 /* EditProfileViewController.swift */; };
		81194ECE2465AF3500189641 /* UserProfileHeader.swift in Sources */ = {isa = PBXBuildFile; fileRef = 81194ECD2465AF3500189641 /* UserProfileHeader.swift */; };
		812F09A824143714004DEF8E /* GoogleService-Info.plist in Resources */ = {isa = PBXBuildFile; fileRef = 812F09A724143714004DEF8E /* GoogleService-Info.plist */; };
		812F902C24C74280009245E5 /* NewMessageCell.swift in Sources */ = {isa = PBXBuildFile; fileRef = 812F902B24C74280009245E5 /* NewMessageCell.swift */; };
		813BADD324ED988500594F2F /* JSONService.swift in Sources */ = {isa = PBXBuildFile; fileRef = 813BADD224ED988500594F2F /* JSONService.swift */; };
		813E050A2497CFAC00D29607 /* MessageInputAccessoryView.swift in Sources */ = {isa = PBXBuildFile; fileRef = 813E05092497CFAC00D29607 /* MessageInputAccessoryView.swift */; };
		813F4A6E242689C000E0FE0D /* LocationHandler.swift in Sources */ = {isa = PBXBuildFile; fileRef = 813F4A6D242689C000E0FE0D /* LocationHandler.swift */; };
		813F4A702426947B00E0FE0D /* PlayerActionView.swift in Sources */ = {isa = PBXBuildFile; fileRef = 813F4A6F2426947B00E0FE0D /* PlayerActionView.swift */; };
		81501BD6248562930047C426 /* FirebaseSttorageService.swift in Sources */ = {isa = PBXBuildFile; fileRef = 81501BD5248562930047C426 /* FirebaseSttorageService.swift */; };
		815D08DB242D0F820074AF23 /* PlayerAnnotation.swift in Sources */ = {isa = PBXBuildFile; fileRef = 815D08DA242D0F820074AF23 /* PlayerAnnotation.swift */; };
		815D3A5824992FEA00172DB2 /* ChatCell.swift in Sources */ = {isa = PBXBuildFile; fileRef = 815D3A5724992FEA00172DB2 /* ChatCell.swift */; };
		815EF5B5242E502E00FD04D3 /* PlayerService.swift in Sources */ = {isa = PBXBuildFile; fileRef = 815EF5B4242E502E00FD04D3 /* PlayerService.swift */; };
		816031B42426DA4E0066B052 /* CustomDelegates.swift in Sources */ = {isa = PBXBuildFile; fileRef = 816031B32426DA4E0066B052 /* CustomDelegates.swift */; };
		816233EB2419308B00A7BF09 /* ContainerController.swift in Sources */ = {isa = PBXBuildFile; fileRef = 816233EA2419308B00A7BF09 /* ContainerController.swift */; };
		816233ED2419321300A7BF09 /* HomeController.swift in Sources */ = {isa = PBXBuildFile; fileRef = 816233EC2419321300A7BF09 /* HomeController.swift */; };
		81631831247D7D2300F480AD /* CustomImageView.swift in Sources */ = {isa = PBXBuildFile; fileRef = 81631830247D7D2300F480AD /* CustomImageView.swift */; };
		817B339B2417DE6D00EF0144 /* MenuController.swift in Sources */ = {isa = PBXBuildFile; fileRef = 817B339A2417DE6D00EF0144 /* MenuController.swift */; };
		817B339D2417E3CF00EF0144 /* MenuHeader.swift in Sources */ = {isa = PBXBuildFile; fileRef = 817B339C2417E3CF00EF0144 /* MenuHeader.swift */; };
		817C472B241BDA6D00A76EFC /* FirebaseDatabaseHelper.swift in Sources */ = {isa = PBXBuildFile; fileRef = 817C472A241BDA6D00A76EFC /* FirebaseDatabaseHelper.swift */; };
		8182705624D229A200788FBE /* Venue.swift in Sources */ = {isa = PBXBuildFile; fileRef = 8182705524D229A200788FBE /* Venue.swift */; };
		819DD7E224DB287D0051FBCA /* Venues.json in Resources */ = {isa = PBXBuildFile; fileRef = 819DD7E124DB287D0051FBCA /* Venues.json */; };
		81A45A3924C8E26A00B6A30E /* MessageNotificationView.swift in Sources */ = {isa = PBXBuildFile; fileRef = 81A45A3824C8E26A00B6A30E /* MessageNotificationView.swift */; };
		81B2066C24A51C2000D552B3 /* MessageService.swift in Sources */ = {isa = PBXBuildFile; fileRef = 81B2066B24A51C2000D552B3 /* MessageService.swift */; };
		81B27AE224630CCC002E4D28 /* UserProfileVC.swift in Sources */ = {isa = PBXBuildFile; fileRef = 81B27AE124630CCC002E4D28 /* UserProfileVC.swift */; };
		81BD3C46240F09D700FC98BF /* AppDelegate.swift in Sources */ = {isa = PBXBuildFile; fileRef = 81BD3C45240F09D700FC98BF /* AppDelegate.swift */; };
		81BD3C48240F09D700FC98BF /* SceneDelegate.swift in Sources */ = {isa = PBXBuildFile; fileRef = 81BD3C47240F09D700FC98BF /* SceneDelegate.swift */; };
		81BD3C4F240F09DB00FC98BF /* Assets.xcassets in Resources */ = {isa = PBXBuildFile; fileRef = 81BD3C4E240F09DB00FC98BF /* Assets.xcassets */; };
		81BD3C52240F09DB00FC98BF /* LaunchScreen.storyboard in Resources */ = {isa = PBXBuildFile; fileRef = 81BD3C50240F09DB00FC98BF /* LaunchScreen.storyboard */; };
		81BD3C5D240F09DC00FC98BF /* Sessionz2Tests.swift in Sources */ = {isa = PBXBuildFile; fileRef = 81BD3C5C240F09DC00FC98BF /* Sessionz2Tests.swift */; };
		81BD3C6C240F110E00FC98BF /* ViewController+Extension.swift in Sources */ = {isa = PBXBuildFile; fileRef = 81BD3C6B240F110E00FC98BF /* ViewController+Extension.swift */; };
		81BD3C6E240F114E00FC98BF /* View+Extension.swift in Sources */ = {isa = PBXBuildFile; fileRef = 81BD3C6D240F114E00FC98BF /* View+Extension.swift */; };
		81C8D40A24363A280033D036 /* MapView+Extension.swift in Sources */ = {isa = PBXBuildFile; fileRef = 81C8D40924363A280033D036 /* MapView+Extension.swift */; };
		81CBD0AA241005360082E25C /* UIColor+Extension.swift in Sources */ = {isa = PBXBuildFile; fileRef = 81CBD0A9241005360082E25C /* UIColor+Extension.swift */; };
		81CBD0AC24100F1A0082E25C /* LoginVC.swift in Sources */ = {isa = PBXBuildFile; fileRef = 81CBD0AB24100F1A0082E25C /* LoginVC.swift */; };
		81CBD0AE24102A660082E25C /* UITextField+Extension.swift in Sources */ = {isa = PBXBuildFile; fileRef = 81CBD0AD24102A660082E25C /* UITextField+Extension.swift */; };
		81D96A9A24E5AC3900FB148D /* UITableView+Extension.swift in Sources */ = {isa = PBXBuildFile; fileRef = 81D96A9924E5AC3900FB148D /* UITableView+Extension.swift */; };
		81FBD2BC24B8E14200E56D27 /* MessagesController.swift in Sources */ = {isa = PBXBuildFile; fileRef = 81FBD2BB24B8E14200E56D27 /* MessagesController.swift */; };
		81FD6F0D24226F3F0046EF8C /* AppError.swift in Sources */ = {isa = PBXBuildFile; fileRef = 81FD6F0C24226F3F0046EF8C /* AppError.swift */; };
		81FEDDD224BCE040005DA2B4 /* MessageCell.swift in Sources */ = {isa = PBXBuildFile; fileRef = 81FEDDD124BCE040005DA2B4 /* MessageCell.swift */; };
		83410E8B814EEEE23728B7A4 /* Pods_Sessionz2.framework in Frameworks */ = {isa = PBXBuildFile; fileRef = 8ADF867F0E7FCE3969A5C0B5 /* Pods_Sessionz2.framework */; };
		DED772B019494CF487300673 /* Pods_Sessionz2Tests.framework in Frameworks */ = {isa = PBXBuildFile; fileRef = 2BD53F99FC453BECD0779656 /* Pods_Sessionz2Tests.framework */; };
/* End PBXBuildFile section */

/* Begin PBXContainerItemProxy section */
		81BD3C59240F09DC00FC98BF /* PBXContainerItemProxy */ = {
			isa = PBXContainerItemProxy;
			containerPortal = 81BD3C3A240F09D700FC98BF /* Project object */;
			proxyType = 1;
			remoteGlobalIDString = 81BD3C41240F09D700FC98BF;
			remoteInfo = Sessionz2;
		};
/* End PBXContainerItemProxy section */

/* Begin PBXFileReference section */
		07BDA5A790A86051F300A1CB /* Pods-Sessionz2Tests.debug.xcconfig */ = {isa = PBXFileReference; includeInIndex = 1; lastKnownFileType = text.xcconfig; name = "Pods-Sessionz2Tests.debug.xcconfig"; path = "Target Support Files/Pods-Sessionz2Tests/Pods-Sessionz2Tests.debug.xcconfig"; sourceTree = "<group>"; };
		2BD53F99FC453BECD0779656 /* Pods_Sessionz2Tests.framework */ = {isa = PBXFileReference; explicitFileType = wrapper.framework; includeInIndex = 0; path = Pods_Sessionz2Tests.framework; sourceTree = BUILT_PRODUCTS_DIR; };
		502CFD559514E99DA32ADAAA /* Pods-Sessionz2.debug.xcconfig */ = {isa = PBXFileReference; includeInIndex = 1; lastKnownFileType = text.xcconfig; name = "Pods-Sessionz2.debug.xcconfig"; path = "Target Support Files/Pods-Sessionz2/Pods-Sessionz2.debug.xcconfig"; sourceTree = "<group>"; };
		68AFD3E815D1B7965313D91D /* Pods-Sessionz2Tests.release.xcconfig */ = {isa = PBXFileReference; includeInIndex = 1; lastKnownFileType = text.xcconfig; name = "Pods-Sessionz2Tests.release.xcconfig"; path = "Target Support Files/Pods-Sessionz2Tests/Pods-Sessionz2Tests.release.xcconfig"; sourceTree = "<group>"; };
		81003CEA24168EDB00B5DE33 /* AppUser.swift */ = {isa = PBXFileReference; lastKnownFileType = sourcecode.swift; path = AppUser.swift; sourceTree = "<group>"; };
		81003CEC24169B6500B5DE33 /* DatabaseRefs.swift */ = {isa = PBXFileReference; lastKnownFileType = sourcecode.swift; path = DatabaseRefs.swift; sourceTree = "<group>"; };
		81003CEF2416A11B00B5DE33 /* FirebaseAuthService.swift */ = {isa = PBXFileReference; lastKnownFileType = sourcecode.swift; path = FirebaseAuthService.swift; sourceTree = "<group>"; };
		8105163824C78F510015AFA1 /* Sessionz2.entitlements */ = {isa = PBXFileReference; lastKnownFileType = text.plist.entitlements; path = Sessionz2.entitlements; sourceTree = "<group>"; };
		810BEDFD24968751005D2270 /* MessageInputTextView.swift */ = {isa = PBXFileReference; lastKnownFileType = sourcecode.swift; path = MessageInputTextView.swift; sourceTree = "<group>"; };
		810F5839248FEF35002723A9 /* Message.swift */ = {isa = PBXFileReference; lastKnownFileType = sourcecode.swift; path = Message.swift; sourceTree = "<group>"; };
		810F6BDC24CF57EE002B55B1 /* NewMessageController.swift */ = {isa = PBXFileReference; lastKnownFileType = sourcecode.swift; path = NewMessageController.swift; sourceTree = "<group>"; };
		811298A9241298A600B3BCC1 /* SignUpVC.swift */ = {isa = PBXFileReference; lastKnownFileType = sourcecode.swift; path = SignUpVC.swift; sourceTree = "<group>"; };
		8112D29024929D0800A8D900 /* ChatController.swift */ = {isa = PBXFileReference; lastKnownFileType = sourcecode.swift; path = ChatController.swift; sourceTree = "<group>"; };
		811342C524114B2F005F6DC8 /* AuthButton.swift */ = {isa = PBXFileReference; lastKnownFileType = sourcecode.swift; path = AuthButton.swift; sourceTree = "<group>"; };
		81155C7E247C3F5800FCA768 /* EditProfileViewController.swift */ = {isa = PBXFileReference; lastKnownFileType = sourcecode.swift; path = EditProfileViewController.swift; sourceTree = "<group>"; };
		81194ECD2465AF3500189641 /* UserProfileHeader.swift */ = {isa = PBXFileReference; lastKnownFileType = sourcecode.swift; path = UserProfileHeader.swift; sourceTree = "<group>"; };
		812F09A724143714004DEF8E /* GoogleService-Info.plist */ = {isa = PBXFileReference; lastKnownFileType = text.plist; path = "GoogleService-Info.plist"; sourceTree = SOURCE_ROOT; };
		812F902B24C74280009245E5 /* NewMessageCell.swift */ = {isa = PBXFileReference; lastKnownFileType = sourcecode.swift; path = NewMessageCell.swift; sourceTree = "<group>"; };
		813BADD224ED988500594F2F /* JSONService.swift */ = {isa = PBXFileReference; lastKnownFileType = sourcecode.swift; path = JSONService.swift; sourceTree = "<group>"; };
		813E05092497CFAC00D29607 /* MessageInputAccessoryView.swift */ = {isa = PBXFileReference; lastKnownFileType = sourcecode.swift; path = MessageInputAccessoryView.swift; sourceTree = "<group>"; };
		813F4A6D242689C000E0FE0D /* LocationHandler.swift */ = {isa = PBXFileReference; lastKnownFileType = sourcecode.swift; path = LocationHandler.swift; sourceTree = "<group>"; };
		813F4A6F2426947B00E0FE0D /* PlayerActionView.swift */ = {isa = PBXFileReference; lastKnownFileType = sourcecode.swift; path = PlayerActionView.swift; sourceTree = "<group>"; };
		81501BD5248562930047C426 /* FirebaseSttorageService.swift */ = {isa = PBXFileReference; lastKnownFileType = sourcecode.swift; path = FirebaseSttorageService.swift; sourceTree = "<group>"; };
		815D08DA242D0F820074AF23 /* PlayerAnnotation.swift */ = {isa = PBXFileReference; lastKnownFileType = sourcecode.swift; path = PlayerAnnotation.swift; sourceTree = "<group>"; };
		815D3A5724992FEA00172DB2 /* ChatCell.swift */ = {isa = PBXFileReference; lastKnownFileType = sourcecode.swift; path = ChatCell.swift; sourceTree = "<group>"; };
		815EF5B4242E502E00FD04D3 /* PlayerService.swift */ = {isa = PBXFileReference; lastKnownFileType = sourcecode.swift; path = PlayerService.swift; sourceTree = "<group>"; };
		816031B32426DA4E0066B052 /* CustomDelegates.swift */ = {isa = PBXFileReference; lastKnownFileType = sourcecode.swift; path = CustomDelegates.swift; sourceTree = "<group>"; };
		816233EA2419308B00A7BF09 /* ContainerController.swift */ = {isa = PBXFileReference; lastKnownFileType = sourcecode.swift; path = ContainerController.swift; sourceTree = "<group>"; };
		816233EC2419321300A7BF09 /* HomeController.swift */ = {isa = PBXFileReference; lastKnownFileType = sourcecode.swift; path = HomeController.swift; sourceTree = "<group>"; };
		81631830247D7D2300F480AD /* CustomImageView.swift */ = {isa = PBXFileReference; lastKnownFileType = sourcecode.swift; path = CustomImageView.swift; sourceTree = "<group>"; };
		817B339A2417DE6D00EF0144 /* MenuController.swift */ = {isa = PBXFileReference; lastKnownFileType = sourcecode.swift; path = MenuController.swift; sourceTree = "<group>"; };
		817B339C2417E3CF00EF0144 /* MenuHeader.swift */ = {isa = PBXFileReference; lastKnownFileType = sourcecode.swift; path = MenuHeader.swift; sourceTree = "<group>"; };
		817C472A241BDA6D00A76EFC /* FirebaseDatabaseHelper.swift */ = {isa = PBXFileReference; lastKnownFileType = sourcecode.swift; path = FirebaseDatabaseHelper.swift; sourceTree = "<group>"; };
		8182705524D229A200788FBE /* Venue.swift */ = {isa = PBXFileReference; lastKnownFileType = sourcecode.swift; path = Venue.swift; sourceTree = "<group>"; };
		819DD7E124DB287D0051FBCA /* Venues.json */ = {isa = PBXFileReference; lastKnownFileType = text.json; path = Venues.json; sourceTree = "<group>"; };
		81A45A3824C8E26A00B6A30E /* MessageNotificationView.swift */ = {isa = PBXFileReference; lastKnownFileType = sourcecode.swift; path = MessageNotificationView.swift; sourceTree = "<group>"; };
		81B2066B24A51C2000D552B3 /* MessageService.swift */ = {isa = PBXFileReference; lastKnownFileType = sourcecode.swift; path = MessageService.swift; sourceTree = "<group>"; };
		81B27AE124630CCC002E4D28 /* UserProfileVC.swift */ = {isa = PBXFileReference; lastKnownFileType = sourcecode.swift; path = UserProfileVC.swift; sourceTree = "<group>"; };
		81BD3C42240F09D700FC98BF /* Sessionz2.app */ = {isa = PBXFileReference; explicitFileType = wrapper.application; includeInIndex = 0; path = Sessionz2.app; sourceTree = BUILT_PRODUCTS_DIR; };
		81BD3C45240F09D700FC98BF /* AppDelegate.swift */ = {isa = PBXFileReference; lastKnownFileType = sourcecode.swift; path = AppDelegate.swift; sourceTree = "<group>"; };
		81BD3C47240F09D700FC98BF /* SceneDelegate.swift */ = {isa = PBXFileReference; lastKnownFileType = sourcecode.swift; path = SceneDelegate.swift; sourceTree = "<group>"; };
		81BD3C4E240F09DB00FC98BF /* Assets.xcassets */ = {isa = PBXFileReference; lastKnownFileType = folder.assetcatalog; path = Assets.xcassets; sourceTree = "<group>"; };
		81BD3C51240F09DB00FC98BF /* Base */ = {isa = PBXFileReference; lastKnownFileType = file.storyboard; name = Base; path = Base.lproj/LaunchScreen.storyboard; sourceTree = "<group>"; };
		81BD3C53240F09DB00FC98BF /* Info.plist */ = {isa = PBXFileReference; lastKnownFileType = text.plist.xml; path = Info.plist; sourceTree = "<group>"; };
		81BD3C58240F09DC00FC98BF /* Sessionz2Tests.xctest */ = {isa = PBXFileReference; explicitFileType = wrapper.cfbundle; includeInIndex = 0; path = Sessionz2Tests.xctest; sourceTree = BUILT_PRODUCTS_DIR; };
		81BD3C5C240F09DC00FC98BF /* Sessionz2Tests.swift */ = {isa = PBXFileReference; lastKnownFileType = sourcecode.swift; path = Sessionz2Tests.swift; sourceTree = "<group>"; };
		81BD3C5E240F09DC00FC98BF /* Info.plist */ = {isa = PBXFileReference; lastKnownFileType = text.plist.xml; path = Info.plist; sourceTree = "<group>"; };
		81BD3C6B240F110E00FC98BF /* ViewController+Extension.swift */ = {isa = PBXFileReference; lastKnownFileType = sourcecode.swift; path = "ViewController+Extension.swift"; sourceTree = "<group>"; };
		81BD3C6D240F114E00FC98BF /* View+Extension.swift */ = {isa = PBXFileReference; lastKnownFileType = sourcecode.swift; path = "View+Extension.swift"; sourceTree = "<group>"; };
		81C8D40924363A280033D036 /* MapView+Extension.swift */ = {isa = PBXFileReference; lastKnownFileType = sourcecode.swift; path = "MapView+Extension.swift"; sourceTree = "<group>"; };
		81CBD0A9241005360082E25C /* UIColor+Extension.swift */ = {isa = PBXFileReference; lastKnownFileType = sourcecode.swift; path = "UIColor+Extension.swift"; sourceTree = "<group>"; };
		81CBD0AB24100F1A0082E25C /* LoginVC.swift */ = {isa = PBXFileReference; lastKnownFileType = sourcecode.swift; path = LoginVC.swift; sourceTree = "<group>"; };
		81CBD0AD24102A660082E25C /* UITextField+Extension.swift */ = {isa = PBXFileReference; lastKnownFileType = sourcecode.swift; path = "UITextField+Extension.swift"; sourceTree = "<group>"; };
		81D96A9924E5AC3900FB148D /* UITableView+Extension.swift */ = {isa = PBXFileReference; lastKnownFileType = sourcecode.swift; path = "UITableView+Extension.swift"; sourceTree = "<group>"; };
		81FBD2BB24B8E14200E56D27 /* MessagesController.swift */ = {isa = PBXFileReference; lastKnownFileType = sourcecode.swift; path = MessagesController.swift; sourceTree = "<group>"; };
		81FD6F0C24226F3F0046EF8C /* AppError.swift */ = {isa = PBXFileReference; lastKnownFileType = sourcecode.swift; path = AppError.swift; sourceTree = "<group>"; };
		81FEDDD124BCE040005DA2B4 /* MessageCell.swift */ = {isa = PBXFileReference; lastKnownFileType = sourcecode.swift; path = MessageCell.swift; sourceTree = "<group>"; };
		8ADF867F0E7FCE3969A5C0B5 /* Pods_Sessionz2.framework */ = {isa = PBXFileReference; explicitFileType = wrapper.framework; includeInIndex = 0; path = Pods_Sessionz2.framework; sourceTree = BUILT_PRODUCTS_DIR; };
		91CC9CD1FAECDF94D23BB0AD /* Pods-Sessionz2.release.xcconfig */ = {isa = PBXFileReference; includeInIndex = 1; lastKnownFileType = text.xcconfig; name = "Pods-Sessionz2.release.xcconfig"; path = "Target Support Files/Pods-Sessionz2/Pods-Sessionz2.release.xcconfig"; sourceTree = "<group>"; };
/* End PBXFileReference section */

/* Begin PBXFrameworksBuildPhase section */
		81BD3C3F240F09D700FC98BF /* Frameworks */ = {
			isa = PBXFrameworksBuildPhase;
			buildActionMask = 2147483647;
			files = (
				83410E8B814EEEE23728B7A4 /* Pods_Sessionz2.framework in Frameworks */,
			);
			runOnlyForDeploymentPostprocessing = 0;
		};
		81BD3C55240F09DC00FC98BF /* Frameworks */ = {
			isa = PBXFrameworksBuildPhase;
			buildActionMask = 2147483647;
			files = (
				DED772B019494CF487300673 /* Pods_Sessionz2Tests.framework in Frameworks */,
			);
			runOnlyForDeploymentPostprocessing = 0;
		};
/* End PBXFrameworksBuildPhase section */

/* Begin PBXGroup section */
		1C18CC2FAA0CED856395A4EB /* Pods */ = {
			isa = PBXGroup;
			children = (
				502CFD559514E99DA32ADAAA /* Pods-Sessionz2.debug.xcconfig */,
				91CC9CD1FAECDF94D23BB0AD /* Pods-Sessionz2.release.xcconfig */,
				07BDA5A790A86051F300A1CB /* Pods-Sessionz2Tests.debug.xcconfig */,
				68AFD3E815D1B7965313D91D /* Pods-Sessionz2Tests.release.xcconfig */,
			);
			path = Pods;
			sourceTree = "<group>";
		};
		81003CEE24169D0400B5DE33 /* FirebaseHelpers */ = {
			isa = PBXGroup;
			children = (
				81003CEC24169B6500B5DE33 /* DatabaseRefs.swift */,
				81003CEF2416A11B00B5DE33 /* FirebaseAuthService.swift */,
				817C472A241BDA6D00A76EFC /* FirebaseDatabaseHelper.swift */,
				81501BD5248562930047C426 /* FirebaseSttorageService.swift */,
			);
			path = FirebaseHelpers;
			sourceTree = "<group>";
		};
		813F4A692426825700E0FE0D /* Protocols */ = {
			isa = PBXGroup;
			children = (
				816031B32426DA4E0066B052 /* CustomDelegates.swift */,
			);
			path = Protocols;
			sourceTree = "<group>";
		};
		813F4A6C2426896000E0FE0D /* Location */ = {
			isa = PBXGroup;
			children = (
				813F4A6D242689C000E0FE0D /* LocationHandler.swift */,
				815D08DA242D0F820074AF23 /* PlayerAnnotation.swift */,
			);
			path = Location;
			sourceTree = "<group>";
		};
		815EF5B3242E501500FD04D3 /* Service */ = {
			isa = PBXGroup;
			children = (
				815EF5B4242E502E00FD04D3 /* PlayerService.swift */,
				81B2066B24A51C2000D552B3 /* MessageService.swift */,
			);
			path = Service;
			sourceTree = "<group>";
		};
		816233EE241960ED00A7BF09 /* Login */ = {
			isa = PBXGroup;
			children = (
				811298A9241298A600B3BCC1 /* SignUpVC.swift */,
				81CBD0AB24100F1A0082E25C /* LoginVC.swift */,
			);
			path = Login;
			sourceTree = "<group>";
		};
		81BD3C39240F09D700FC98BF = {
			isa = PBXGroup;
			children = (
				81BD3C44240F09D700FC98BF /* Sessionz2 */,
				81BD3C5B240F09DC00FC98BF /* Sessionz2Tests */,
				81BD3C43240F09D700FC98BF /* Products */,
				1C18CC2FAA0CED856395A4EB /* Pods */,
				CB9991373B9C7CD81B61DFFE /* Frameworks */,
			);
			sourceTree = "<group>";
		};
		81BD3C43240F09D700FC98BF /* Products */ = {
			isa = PBXGroup;
			children = (
				81BD3C42240F09D700FC98BF /* Sessionz2.app */,
				81BD3C58240F09DC00FC98BF /* Sessionz2Tests.xctest */,
			);
			name = Products;
			sourceTree = "<group>";
		};
		81BD3C44240F09D700FC98BF /* Sessionz2 */ = {
			isa = PBXGroup;
			children = (
				8105163824C78F510015AFA1 /* Sessionz2.entitlements */,
				815EF5B3242E501500FD04D3 /* Service */,
				813F4A692426825700E0FE0D /* Protocols */,
				81003CEE24169D0400B5DE33 /* FirebaseHelpers */,
				812F09A724143714004DEF8E /* GoogleService-Info.plist */,
				81BD3C6A240F10EE00FC98BF /* Utils */,
				81BD3C69240F10CD00FC98BF /* Models */,
				81BD3C68240F10C700FC98BF /* Views */,
				81BD3C67240F10BD00FC98BF /* Controller */,
				81BD3C45240F09D700FC98BF /* AppDelegate.swift */,
				81BD3C47240F09D700FC98BF /* SceneDelegate.swift */,
				81BD3C4E240F09DB00FC98BF /* Assets.xcassets */,
				81BD3C50240F09DB00FC98BF /* LaunchScreen.storyboard */,
				81BD3C53240F09DB00FC98BF /* Info.plist */,
			);
			path = Sessionz2;
			sourceTree = "<group>";
		};
		81BD3C5B240F09DC00FC98BF /* Sessionz2Tests */ = {
			isa = PBXGroup;
			children = (
				81BD3C5C240F09DC00FC98BF /* Sessionz2Tests.swift */,
				81BD3C5E240F09DC00FC98BF /* Info.plist */,
			);
			path = Sessionz2Tests;
			sourceTree = "<group>";
		};
		81BD3C67240F10BD00FC98BF /* Controller */ = {
			isa = PBXGroup;
			children = (
				810F6BDC24CF57EE002B55B1 /* NewMessageController.swift */,
				81FBD2BB24B8E14200E56D27 /* MessagesController.swift */,
				81B27AE124630CCC002E4D28 /* UserProfileVC.swift */,
				816233EA2419308B00A7BF09 /* ContainerController.swift */,
				816233EC2419321300A7BF09 /* HomeController.swift */,
				81155C7E247C3F5800FCA768 /* EditProfileViewController.swift */,
				8112D29024929D0800A8D900 /* ChatController.swift */,
				817B339A2417DE6D00EF0144 /* MenuController.swift */,
				816233EE241960ED00A7BF09 /* Login */,
			);
			path = Controller;
			sourceTree = "<group>";
		};
		81BD3C68240F10C700FC98BF /* Views */ = {
			isa = PBXGroup;
			children = (
				811342C524114B2F005F6DC8 /* AuthButton.swift */,
				817B339C2417E3CF00EF0144 /* MenuHeader.swift */,
				813F4A6F2426947B00E0FE0D /* PlayerActionView.swift */,
				81194ECD2465AF3500189641 /* UserProfileHeader.swift */,
				810BEDFD24968751005D2270 /* MessageInputTextView.swift */,
				813E05092497CFAC00D29607 /* MessageInputAccessoryView.swift */,
				815D3A5724992FEA00172DB2 /* ChatCell.swift */,
				81FEDDD124BCE040005DA2B4 /* MessageCell.swift */,
				812F902B24C74280009245E5 /* NewMessageCell.swift */,
				81A45A3824C8E26A00B6A30E /* MessageNotificationView.swift */,
			);
			path = Views;
			sourceTree = "<group>";
		};
		81BD3C69240F10CD00FC98BF /* Models */ = {
			isa = PBXGroup;
			children = (
				81003CEA24168EDB00B5DE33 /* AppUser.swift */,
				810F5839248FEF35002723A9 /* Message.swift */,
				8182705524D229A200788FBE /* Venue.swift */,
				819DD7E124DB287D0051FBCA /* Venues.json */,
			);
			path = Models;
			sourceTree = "<group>";
		};
		81BD3C6A240F10EE00FC98BF /* Utils */ = {
			isa = PBXGroup;
			children = (
				813F4A6C2426896000E0FE0D /* Location */,
				81BD3C6B240F110E00FC98BF /* ViewController+Extension.swift */,
				81BD3C6D240F114E00FC98BF /* View+Extension.swift */,
				81CBD0A9241005360082E25C /* UIColor+Extension.swift */,
				81CBD0AD24102A660082E25C /* UITextField+Extension.swift */,
				81FD6F0C24226F3F0046EF8C /* AppError.swift */,
				81C8D40924363A280033D036 /* MapView+Extension.swift */,
				81631830247D7D2300F480AD /* CustomImageView.swift */,
				81D96A9924E5AC3900FB148D /* UITableView+Extension.swift */,
				813BADD224ED988500594F2F /* JSONService.swift */,
			);
			path = Utils;
			sourceTree = "<group>";
		};
		CB9991373B9C7CD81B61DFFE /* Frameworks */ = {
			isa = PBXGroup;
			children = (
				8ADF867F0E7FCE3969A5C0B5 /* Pods_Sessionz2.framework */,
				2BD53F99FC453BECD0779656 /* Pods_Sessionz2Tests.framework */,
			);
			name = Frameworks;
			sourceTree = "<group>";
		};
/* End PBXGroup section */

/* Begin PBXNativeTarget section */
		81BD3C41240F09D700FC98BF /* Sessionz2 */ = {
			isa = PBXNativeTarget;
			buildConfigurationList = 81BD3C61240F09DC00FC98BF /* Build configuration list for PBXNativeTarget "Sessionz2" */;
			buildPhases = (
				7625FBD73A950205DEA5D4DB /* [CP] Check Pods Manifest.lock */,
				81BD3C3E240F09D700FC98BF /* Sources */,
				81BD3C3F240F09D700FC98BF /* Frameworks */,
				81BD3C40240F09D700FC98BF /* Resources */,
				85B5330719E26C8A09076984 /* [CP] Embed Pods Frameworks */,
			);
			buildRules = (
			);
			dependencies = (
			);
			name = Sessionz2;
			productName = Sessionz2;
			productReference = 81BD3C42240F09D700FC98BF /* Sessionz2.app */;
			productType = "com.apple.product-type.application";
		};
		81BD3C57240F09DC00FC98BF /* Sessionz2Tests */ = {
			isa = PBXNativeTarget;
			buildConfigurationList = 81BD3C64240F09DC00FC98BF /* Build configuration list for PBXNativeTarget "Sessionz2Tests" */;
			buildPhases = (
				BFBCBDEFA9AE3C2A0CC13742 /* [CP] Check Pods Manifest.lock */,
				81BD3C54240F09DC00FC98BF /* Sources */,
				81BD3C55240F09DC00FC98BF /* Frameworks */,
				81BD3C56240F09DC00FC98BF /* Resources */,
			);
			buildRules = (
			);
			dependencies = (
				81BD3C5A240F09DC00FC98BF /* PBXTargetDependency */,
			);
			name = Sessionz2Tests;
			productName = Sessionz2Tests;
			productReference = 81BD3C58240F09DC00FC98BF /* Sessionz2Tests.xctest */;
			productType = "com.apple.product-type.bundle.unit-test";
		};
/* End PBXNativeTarget section */

/* Begin PBXProject section */
		81BD3C3A240F09D700FC98BF /* Project object */ = {
			isa = PBXProject;
			attributes = {
				LastSwiftUpdateCheck = 1100;
				LastUpgradeCheck = 1100;
				ORGANIZATIONNAME = "Iram Fattah";
				TargetAttributes = {
					81BD3C41240F09D700FC98BF = {
						CreatedOnToolsVersion = 11.0;
					};
					81BD3C57240F09DC00FC98BF = {
						CreatedOnToolsVersion = 11.0;
						TestTargetID = 81BD3C41240F09D700FC98BF;
					};
				};
			};
			buildConfigurationList = 81BD3C3D240F09D700FC98BF /* Build configuration list for PBXProject "Sessionz2" */;
			compatibilityVersion = "Xcode 9.3";
			developmentRegion = en;
			hasScannedForEncodings = 0;
			knownRegions = (
				en,
				Base,
			);
			mainGroup = 81BD3C39240F09D700FC98BF;
			productRefGroup = 81BD3C43240F09D700FC98BF /* Products */;
			projectDirPath = "";
			projectRoot = "";
			targets = (
				81BD3C41240F09D700FC98BF /* Sessionz2 */,
				81BD3C57240F09DC00FC98BF /* Sessionz2Tests */,
			);
		};
/* End PBXProject section */

/* Begin PBXResourcesBuildPhase section */
		81BD3C40240F09D700FC98BF /* Resources */ = {
			isa = PBXResourcesBuildPhase;
			buildActionMask = 2147483647;
			files = (
				81BD3C52240F09DB00FC98BF /* LaunchScreen.storyboard in Resources */,
				819DD7E224DB287D0051FBCA /* Venues.json in Resources */,
				81BD3C4F240F09DB00FC98BF /* Assets.xcassets in Resources */,
				812F09A824143714004DEF8E /* GoogleService-Info.plist in Resources */,
			);
			runOnlyForDeploymentPostprocessing = 0;
		};
		81BD3C56240F09DC00FC98BF /* Resources */ = {
			isa = PBXResourcesBuildPhase;
			buildActionMask = 2147483647;
			files = (
			);
			runOnlyForDeploymentPostprocessing = 0;
		};
/* End PBXResourcesBuildPhase section */

/* Begin PBXShellScriptBuildPhase section */
		7625FBD73A950205DEA5D4DB /* [CP] Check Pods Manifest.lock */ = {
			isa = PBXShellScriptBuildPhase;
			buildActionMask = 2147483647;
			files = (
			);
			inputFileListPaths = (
			);
			inputPaths = (
				"${PODS_PODFILE_DIR_PATH}/Podfile.lock",
				"${PODS_ROOT}/Manifest.lock",
			);
			name = "[CP] Check Pods Manifest.lock";
			outputFileListPaths = (
			);
			outputPaths = (
				"$(DERIVED_FILE_DIR)/Pods-Sessionz2-checkManifestLockResult.txt",
			);
			runOnlyForDeploymentPostprocessing = 0;
			shellPath = /bin/sh;
			shellScript = "diff \"${PODS_PODFILE_DIR_PATH}/Podfile.lock\" \"${PODS_ROOT}/Manifest.lock\" > /dev/null\nif [ $? != 0 ] ; then\n    # print error to STDERR\n    echo \"error: The sandbox is not in sync with the Podfile.lock. Run 'pod install' or update your CocoaPods installation.\" >&2\n    exit 1\nfi\n# This output is used by Xcode 'outputs' to avoid re-running this script phase.\necho \"SUCCESS\" > \"${SCRIPT_OUTPUT_FILE_0}\"\n";
			showEnvVarsInLog = 0;
		};
		85B5330719E26C8A09076984 /* [CP] Embed Pods Frameworks */ = {
			isa = PBXShellScriptBuildPhase;
			buildActionMask = 2147483647;
			files = (
			);
			inputFileListPaths = (
				"${PODS_ROOT}/Target Support Files/Pods-Sessionz2/Pods-Sessionz2-frameworks-${CONFIGURATION}-input-files.xcfilelist",
			);
			name = "[CP] Embed Pods Frameworks";
			outputFileListPaths = (
				"${PODS_ROOT}/Target Support Files/Pods-Sessionz2/Pods-Sessionz2-frameworks-${CONFIGURATION}-output-files.xcfilelist",
			);
			runOnlyForDeploymentPostprocessing = 0;
			shellPath = /bin/sh;
			shellScript = "\"${PODS_ROOT}/Target Support Files/Pods-Sessionz2/Pods-Sessionz2-frameworks.sh\"\n";
			showEnvVarsInLog = 0;
		};
		BFBCBDEFA9AE3C2A0CC13742 /* [CP] Check Pods Manifest.lock */ = {
			isa = PBXShellScriptBuildPhase;
			buildActionMask = 2147483647;
			files = (
			);
			inputFileListPaths = (
			);
			inputPaths = (
				"${PODS_PODFILE_DIR_PATH}/Podfile.lock",
				"${PODS_ROOT}/Manifest.lock",
			);
			name = "[CP] Check Pods Manifest.lock";
			outputFileListPaths = (
			);
			outputPaths = (
				"$(DERIVED_FILE_DIR)/Pods-Sessionz2Tests-checkManifestLockResult.txt",
			);
			runOnlyForDeploymentPostprocessing = 0;
			shellPath = /bin/sh;
			shellScript = "diff \"${PODS_PODFILE_DIR_PATH}/Podfile.lock\" \"${PODS_ROOT}/Manifest.lock\" > /dev/null\nif [ $? != 0 ] ; then\n    # print error to STDERR\n    echo \"error: The sandbox is not in sync with the Podfile.lock. Run 'pod install' or update your CocoaPods installation.\" >&2\n    exit 1\nfi\n# This output is used by Xcode 'outputs' to avoid re-running this script phase.\necho \"SUCCESS\" > \"${SCRIPT_OUTPUT_FILE_0}\"\n";
			showEnvVarsInLog = 0;
		};
/* End PBXShellScriptBuildPhase section */

/* Begin PBXSourcesBuildPhase section */
		81BD3C3E240F09D700FC98BF /* Sources */ = {
			isa = PBXSourcesBuildPhase;
			buildActionMask = 2147483647;
			files = (
				812F902C24C74280009245E5 /* NewMessageCell.swift in Sources */,
				81B2066C24A51C2000D552B3 /* MessageService.swift in Sources */,
				81BD3C46240F09D700FC98BF /* AppDelegate.swift in Sources */,
				815D08DB242D0F820074AF23 /* PlayerAnnotation.swift in Sources */,
				8112D29124929D0800A8D900 /* ChatController.swift in Sources */,
				815D3A5824992FEA00172DB2 /* ChatCell.swift in Sources */,
				811298AA241298A600B3BCC1 /* SignUpVC.swift in Sources */,
				81C8D40A24363A280033D036 /* MapView+Extension.swift in Sources */,
				81FD6F0D24226F3F0046EF8C /* AppError.swift in Sources */,
				81631831247D7D2300F480AD /* CustomImageView.swift in Sources */,
				811342C624114B2F005F6DC8 /* AuthButton.swift in Sources */,
				817B339D2417E3CF00EF0144 /* MenuHeader.swift in Sources */,
				81003CEB24168EDB00B5DE33 /* AppUser.swift in Sources */,
				810BEDFE24968751005D2270 /* MessageInputTextView.swift in Sources */,
				81155C7F247C3F5800FCA768 /* EditProfileViewController.swift in Sources */,
				81003CF02416A11B00B5DE33 /* FirebaseAuthService.swift in Sources */,
				813BADD324ED988500594F2F /* JSONService.swift in Sources */,
				810F6BDD24CF57EE002B55B1 /* NewMessageController.swift in Sources */,
				813F4A702426947B00E0FE0D /* PlayerActionView.swift in Sources */,
				81BD3C48240F09D700FC98BF /* SceneDelegate.swift in Sources */,
				81FEDDD224BCE040005DA2B4 /* MessageCell.swift in Sources */,
				815EF5B5242E502E00FD04D3 /* PlayerService.swift in Sources */,
				81CBD0AE24102A660082E25C /* UITextField+Extension.swift in Sources */,
				81A45A3924C8E26A00B6A30E /* MessageNotificationView.swift in Sources */,
				81D96A9A24E5AC3900FB148D /* UITableView+Extension.swift in Sources */,
				81194ECE2465AF3500189641 /* UserProfileHeader.swift in Sources */,
				81CBD0AC24100F1A0082E25C /* LoginVC.swift in Sources */,
				81BD3C6E240F114E00FC98BF /* View+Extension.swift in Sources */,
				813E050A2497CFAC00D29607 /* MessageInputAccessoryView.swift in Sources */,
				81501BD6248562930047C426 /* FirebaseSttorageService.swift in Sources */,
				8182705624D229A200788FBE /* Venue.swift in Sources */,
				81BD3C6C240F110E00FC98BF /* ViewController+Extension.swift in Sources */,
				816233EB2419308B00A7BF09 /* ContainerController.swift in Sources */,
				817C472B241BDA6D00A76EFC /* FirebaseDatabaseHelper.swift in Sources */,
				813F4A6E242689C000E0FE0D /* LocationHandler.swift in Sources */,
				816233ED2419321300A7BF09 /* HomeController.swift in Sources */,
				81003CED24169B6500B5DE33 /* DatabaseRefs.swift in Sources */,
				817B339B2417DE6D00EF0144 /* MenuController.swift in Sources */,
				816031B42426DA4E0066B052 /* CustomDelegates.swift in Sources */,
				810F583A248FEF35002723A9 /* Message.swift in Sources */,
				81B27AE224630CCC002E4D28 /* UserProfileVC.swift in Sources */,
				81CBD0AA241005360082E25C /* UIColor+Extension.swift in Sources */,
				81FBD2BC24B8E14200E56D27 /* MessagesController.swift in Sources */,
			);
			runOnlyForDeploymentPostprocessing = 0;
		};
		81BD3C54240F09DC00FC98BF /* Sources */ = {
			isa = PBXSourcesBuildPhase;
			buildActionMask = 2147483647;
			files = (
				81BD3C5D240F09DC00FC98BF /* Sessionz2Tests.swift in Sources */,
			);
			runOnlyForDeploymentPostprocessing = 0;
		};
/* End PBXSourcesBuildPhase section */

/* Begin PBXTargetDependency section */
		81BD3C5A240F09DC00FC98BF /* PBXTargetDependency */ = {
			isa = PBXTargetDependency;
			target = 81BD3C41240F09D700FC98BF /* Sessionz2 */;
			targetProxy = 81BD3C59240F09DC00FC98BF /* PBXContainerItemProxy */;
		};
/* End PBXTargetDependency section */

/* Begin PBXVariantGroup section */
		81BD3C50240F09DB00FC98BF /* LaunchScreen.storyboard */ = {
			isa = PBXVariantGroup;
			children = (
				81BD3C51240F09DB00FC98BF /* Base */,
			);
			name = LaunchScreen.storyboard;
			sourceTree = "<group>";
		};
/* End PBXVariantGroup section */

/* Begin XCBuildConfiguration section */
		81BD3C5F240F09DC00FC98BF /* Debug */ = {
			isa = XCBuildConfiguration;
			buildSettings = {
				ALWAYS_SEARCH_USER_PATHS = NO;
				CLANG_ANALYZER_NONNULL = YES;
				CLANG_ANALYZER_NUMBER_OBJECT_CONVERSION = YES_AGGRESSIVE;
				CLANG_CXX_LANGUAGE_STANDARD = "gnu++14";
				CLANG_CXX_LIBRARY = "libc++";
				CLANG_ENABLE_MODULES = YES;
				CLANG_ENABLE_OBJC_ARC = YES;
				CLANG_ENABLE_OBJC_WEAK = YES;
				CLANG_WARN_BLOCK_CAPTURE_AUTORELEASING = YES;
				CLANG_WARN_BOOL_CONVERSION = YES;
				CLANG_WARN_COMMA = YES;
				CLANG_WARN_CONSTANT_CONVERSION = YES;
				CLANG_WARN_DEPRECATED_OBJC_IMPLEMENTATIONS = YES;
				CLANG_WARN_DIRECT_OBJC_ISA_USAGE = YES_ERROR;
				CLANG_WARN_DOCUMENTATION_COMMENTS = YES;
				CLANG_WARN_EMPTY_BODY = YES;
				CLANG_WARN_ENUM_CONVERSION = YES;
				CLANG_WARN_INFINITE_RECURSION = YES;
				CLANG_WARN_INT_CONVERSION = YES;
				CLANG_WARN_NON_LITERAL_NULL_CONVERSION = YES;
				CLANG_WARN_OBJC_IMPLICIT_RETAIN_SELF = YES;
				CLANG_WARN_OBJC_LITERAL_CONVERSION = YES;
				CLANG_WARN_OBJC_ROOT_CLASS = YES_ERROR;
				CLANG_WARN_RANGE_LOOP_ANALYSIS = YES;
				CLANG_WARN_STRICT_PROTOTYPES = YES;
				CLANG_WARN_SUSPICIOUS_MOVE = YES;
				CLANG_WARN_UNGUARDED_AVAILABILITY = YES_AGGRESSIVE;
				CLANG_WARN_UNREACHABLE_CODE = YES;
				CLANG_WARN__DUPLICATE_METHOD_MATCH = YES;
				COPY_PHASE_STRIP = NO;
				DEBUG_INFORMATION_FORMAT = dwarf;
				ENABLE_STRICT_OBJC_MSGSEND = YES;
				ENABLE_TESTABILITY = YES;
				GCC_C_LANGUAGE_STANDARD = gnu11;
				GCC_DYNAMIC_NO_PIC = NO;
				GCC_NO_COMMON_BLOCKS = YES;
				GCC_OPTIMIZATION_LEVEL = 0;
				GCC_PREPROCESSOR_DEFINITIONS = (
					"DEBUG=1",
					"$(inherited)",
				);
				GCC_WARN_64_TO_32_BIT_CONVERSION = YES;
				GCC_WARN_ABOUT_RETURN_TYPE = YES_ERROR;
				GCC_WARN_UNDECLARED_SELECTOR = YES;
				GCC_WARN_UNINITIALIZED_AUTOS = YES_AGGRESSIVE;
				GCC_WARN_UNUSED_FUNCTION = YES;
				GCC_WARN_UNUSED_VARIABLE = YES;
				IPHONEOS_DEPLOYMENT_TARGET = 13.0;
				MTL_ENABLE_DEBUG_INFO = INCLUDE_SOURCE;
				MTL_FAST_MATH = YES;
				ONLY_ACTIVE_ARCH = YES;
				SDKROOT = iphoneos;
				SWIFT_ACTIVE_COMPILATION_CONDITIONS = DEBUG;
				SWIFT_OPTIMIZATION_LEVEL = "-Onone";
			};
			name = Debug;
		};
		81BD3C60240F09DC00FC98BF /* Release */ = {
			isa = XCBuildConfiguration;
			buildSettings = {
				ALWAYS_SEARCH_USER_PATHS = NO;
				CLANG_ANALYZER_NONNULL = YES;
				CLANG_ANALYZER_NUMBER_OBJECT_CONVERSION = YES_AGGRESSIVE;
				CLANG_CXX_LANGUAGE_STANDARD = "gnu++14";
				CLANG_CXX_LIBRARY = "libc++";
				CLANG_ENABLE_MODULES = YES;
				CLANG_ENABLE_OBJC_ARC = YES;
				CLANG_ENABLE_OBJC_WEAK = YES;
				CLANG_WARN_BLOCK_CAPTURE_AUTORELEASING = YES;
				CLANG_WARN_BOOL_CONVERSION = YES;
				CLANG_WARN_COMMA = YES;
				CLANG_WARN_CONSTANT_CONVERSION = YES;
				CLANG_WARN_DEPRECATED_OBJC_IMPLEMENTATIONS = YES;
				CLANG_WARN_DIRECT_OBJC_ISA_USAGE = YES_ERROR;
				CLANG_WARN_DOCUMENTATION_COMMENTS = YES;
				CLANG_WARN_EMPTY_BODY = YES;
				CLANG_WARN_ENUM_CONVERSION = YES;
				CLANG_WARN_INFINITE_RECURSION = YES;
				CLANG_WARN_INT_CONVERSION = YES;
				CLANG_WARN_NON_LITERAL_NULL_CONVERSION = YES;
				CLANG_WARN_OBJC_IMPLICIT_RETAIN_SELF = YES;
				CLANG_WARN_OBJC_LITERAL_CONVERSION = YES;
				CLANG_WARN_OBJC_ROOT_CLASS = YES_ERROR;
				CLANG_WARN_RANGE_LOOP_ANALYSIS = YES;
				CLANG_WARN_STRICT_PROTOTYPES = YES;
				CLANG_WARN_SUSPICIOUS_MOVE = YES;
				CLANG_WARN_UNGUARDED_AVAILABILITY = YES_AGGRESSIVE;
				CLANG_WARN_UNREACHABLE_CODE = YES;
				CLANG_WARN__DUPLICATE_METHOD_MATCH = YES;
				COPY_PHASE_STRIP = NO;
				DEBUG_INFORMATION_FORMAT = "dwarf-with-dsym";
				ENABLE_NS_ASSERTIONS = NO;
				ENABLE_STRICT_OBJC_MSGSEND = YES;
				GCC_C_LANGUAGE_STANDARD = gnu11;
				GCC_NO_COMMON_BLOCKS = YES;
				GCC_WARN_64_TO_32_BIT_CONVERSION = YES;
				GCC_WARN_ABOUT_RETURN_TYPE = YES_ERROR;
				GCC_WARN_UNDECLARED_SELECTOR = YES;
				GCC_WARN_UNINITIALIZED_AUTOS = YES_AGGRESSIVE;
				GCC_WARN_UNUSED_FUNCTION = YES;
				GCC_WARN_UNUSED_VARIABLE = YES;
				IPHONEOS_DEPLOYMENT_TARGET = 13.0;
				MTL_ENABLE_DEBUG_INFO = NO;
				MTL_FAST_MATH = YES;
				SDKROOT = iphoneos;
				SWIFT_COMPILATION_MODE = wholemodule;
				SWIFT_OPTIMIZATION_LEVEL = "-O";
				VALIDATE_PRODUCT = YES;
			};
			name = Release;
		};
		81BD3C62240F09DC00FC98BF /* Debug */ = {
			isa = XCBuildConfiguration;
			baseConfigurationReference = 502CFD559514E99DA32ADAAA /* Pods-Sessionz2.debug.xcconfig */;
			buildSettings = {
				ASSETCATALOG_COMPILER_APPICON_NAME = AppIcon;
				CODE_SIGN_ENTITLEMENTS = Sessionz2/Sessionz2.entitlements;
				CODE_SIGN_STYLE = Automatic;
				DEVELOPMENT_TEAM = V9HW99M5PX;
				INFOPLIST_FILE = Sessionz2/Info.plist;
				LD_RUNPATH_SEARCH_PATHS = (
					"$(inherited)",
					"@executable_path/Frameworks",
				);
				PRODUCT_BUNDLE_IDENTIFIER = Iram.Sessionz2;
				PRODUCT_NAME = "$(TARGET_NAME)";
				SWIFT_VERSION = 5.0;
				TARGETED_DEVICE_FAMILY = "1,2";
			};
			name = Debug;
		};
		81BD3C63240F09DC00FC98BF /* Release */ = {
			isa = XCBuildConfiguration;
			baseConfigurationReference = 91CC9CD1FAECDF94D23BB0AD /* Pods-Sessionz2.release.xcconfig */;
			buildSettings = {
				ASSETCATALOG_COMPILER_APPICON_NAME = AppIcon;
				CODE_SIGN_ENTITLEMENTS = Sessionz2/Sessionz2.entitlements;
				CODE_SIGN_STYLE = Automatic;
				DEVELOPMENT_TEAM = V9HW99M5PX;
				INFOPLIST_FILE = Sessionz2/Info.plist;
				LD_RUNPATH_SEARCH_PATHS = (
					"$(inherited)",
					"@executable_path/Frameworks",
				);
				PRODUCT_BUNDLE_IDENTIFIER = Iram.Sessionz2;
				PRODUCT_NAME = "$(TARGET_NAME)";
				SWIFT_VERSION = 5.0;
				TARGETED_DEVICE_FAMILY = "1,2";
			};
			name = Release;
		};
		81BD3C65240F09DC00FC98BF /* Debug */ = {
			isa = XCBuildConfiguration;
			baseConfigurationReference = 07BDA5A790A86051F300A1CB /* Pods-Sessionz2Tests.debug.xcconfig */;
			buildSettings = {
				ALWAYS_EMBED_SWIFT_STANDARD_LIBRARIES = YES;
				BUNDLE_LOADER = "$(TEST_HOST)";
				CODE_SIGN_STYLE = Automatic;
				DEVELOPMENT_TEAM = V9HW99M5PX;
				INFOPLIST_FILE = Sessionz2Tests/Info.plist;
				IPHONEOS_DEPLOYMENT_TARGET = 13.0;
				LD_RUNPATH_SEARCH_PATHS = (
					"$(inherited)",
					"@executable_path/Frameworks",
					"@loader_path/Frameworks",
				);
				PRODUCT_BUNDLE_IDENTIFIER = Iram.Sessionz2Tests;
				PRODUCT_NAME = "$(TARGET_NAME)";
				SWIFT_VERSION = 5.0;
				TARGETED_DEVICE_FAMILY = "1,2";
				TEST_HOST = "$(BUILT_PRODUCTS_DIR)/Sessionz2.app/Sessionz2";
			};
			name = Debug;
		};
		81BD3C66240F09DC00FC98BF /* Release */ = {
			isa = XCBuildConfiguration;
			baseConfigurationReference = 68AFD3E815D1B7965313D91D /* Pods-Sessionz2Tests.release.xcconfig */;
			buildSettings = {
				ALWAYS_EMBED_SWIFT_STANDARD_LIBRARIES = YES;
				BUNDLE_LOADER = "$(TEST_HOST)";
				CODE_SIGN_STYLE = Automatic;
				DEVELOPMENT_TEAM = V9HW99M5PX;
				INFOPLIST_FILE = Sessionz2Tests/Info.plist;
				IPHONEOS_DEPLOYMENT_TARGET = 13.0;
				LD_RUNPATH_SEARCH_PATHS = (
					"$(inherited)",
					"@executable_path/Frameworks",
					"@loader_path/Frameworks",
				);
				PRODUCT_BUNDLE_IDENTIFIER = Iram.Sessionz2Tests;
				PRODUCT_NAME = "$(TARGET_NAME)";
				SWIFT_VERSION = 5.0;
				TARGETED_DEVICE_FAMILY = "1,2";
				TEST_HOST = "$(BUILT_PRODUCTS_DIR)/Sessionz2.app/Sessionz2";
			};
			name = Release;
		};
/* End XCBuildConfiguration section */

/* Begin XCConfigurationList section */
		81BD3C3D240F09D700FC98BF /* Build configuration list for PBXProject "Sessionz2" */ = {
			isa = XCConfigurationList;
			buildConfigurations = (
				81BD3C5F240F09DC00FC98BF /* Debug */,
				81BD3C60240F09DC00FC98BF /* Release */,
			);
			defaultConfigurationIsVisible = 0;
			defaultConfigurationName = Release;
		};
		81BD3C61240F09DC00FC98BF /* Build configuration list for PBXNativeTarget "Sessionz2" */ = {
			isa = XCConfigurationList;
			buildConfigurations = (
				81BD3C62240F09DC00FC98BF /* Debug */,
				81BD3C63240F09DC00FC98BF /* Release */,
			);
			defaultConfigurationIsVisible = 0;
			defaultConfigurationName = Release;
		};
		81BD3C64240F09DC00FC98BF /* Build configuration list for PBXNativeTarget "Sessionz2Tests" */ = {
			isa = XCConfigurationList;
			buildConfigurations = (
				81BD3C65240F09DC00FC98BF /* Debug */,
				81BD3C66240F09DC00FC98BF /* Release */,
			);
			defaultConfigurationIsVisible = 0;
			defaultConfigurationName = Release;
		};
/* End XCConfigurationList section */
	};
	rootObject = 81BD3C3A240F09D700FC98BF /* Project object */;
}
